
Microsoft Visual Studio Solution File, Format Version 11.00
# Visual Studio 2010
Project("{FAE04EC0-301F-11D3-BF4B-00C04F79EFBC}") = "MvcUrlShortener", "MvcUrlShortener\MvcUrlShortener.csproj", "{1B131B12-ED95-4C3B-9AD7-C61DFF9FDE44}"
EndProject
Project("{FAE04EC0-301F-11D3-BF4B-00C04F79EFBC}") = "UrlShortener.Domain", "UrlShortener.Domain\UrlShortener.Domain.csproj", "{9CC00920-8D40-45C9-AD98-0113F234B48D}"
EndProject
Project("{FAE04EC0-301F-11D3-BF4B-00C04F79EFBC}") = "UrlShortener.Test", "UrlShortener.Test\UrlShortener.Test.csproj", "{15AE22D1-EEAB-420F-AF0E-6AE84AE107B0}"
EndProject
Global
	GlobalSection(SolutionConfigurationPlatforms) = preSolution
		Debug|Any CPU = Debug|Any CPU
		Release|Any CPU = Release|Any CPU
	EndGlobalSection
	GlobalSection(ProjectConfigurationPlatforms) = postSolution
		{1B131B12-ED95-4C3B-9AD7-C61DFF9FDE44}.Debug|Any CPU.ActiveCfg = Debug|Any CPU
		{1B131B12-ED95-4C3B-9AD7-C61DFF9FDE44}.Debug|Any CPU.Build.0 = Debug|Any CPU
		{1B131B12-ED95-4C3B-9AD7-C61DFF9FDE44}.Release|Any CPU.ActiveCfg = Release|Any CPU
		{1B131B12-ED95-4C3B-9AD7-C61DFF9FDE44}.Release|Any CPU.Build.0 = Release|Any CPU
		{9CC00920-8D40-45C9-AD98-0113F234B48D}.Debug|Any CPU.ActiveCfg = Debug|Any CPU
		{9CC00920-8D40-45C9-AD98-0113F234B48D}.Debug|Any CPU.Build.0 = Debug|Any CPU
		{9CC00920-8D40-45C9-AD98-0113F234B48D}.Release|Any CPU.ActiveCfg = Release|Any CPU
		{9CC00920-8D40-45C9-AD98-0113F234B48D}.Release|Any CPU.Build.0 = Release|Any CPU
		{15AE22D1-EEAB-420F-AF0E-6AE84AE107B0}.Debug|Any CPU.ActiveCfg = Debug|Any CPU
		{15AE22D1-EEAB-420F-AF0E-6AE84AE107B0}.Debug|Any CPU.Build.0 = Debug|Any CPU
		{15AE22D1-EEAB-420F-AF0E-6AE84AE107B0}.Release|Any CPU.ActiveCfg = Release|Any CPU
		{15AE22D1-EEAB-420F-AF0E-6AE84AE107B0}.Release|Any CPU.Build.0 = Release|Any CPU
	EndGlobalSection
	GlobalSection(SolutionProperties) = preSolution
		HideSolutionNode = FALSE
	EndGlobalSection
EndGlobal
